
Microsoft Visual Studio Solution File, Format Version 12.00
# Visual Studio 15
VisualStudioVersion = 15.0.28307.902
MinimumVisualStudioVersion = 10.0.40219.1
Project("{8BC9CEB8-8B4A-11D0-8D11-00A0C91BC942}") = "LeetCode", "C_plus_plus\C_plus_plus.vcxproj", "{D9FAC883-9F4E-4DA2-95B5-92872952E2A7}"
EndProject
Project("{8BC9CEB8-8B4A-11D0-8D11-00A0C91BC942}") = "CJSON", "CJSON\CJSON.vcxproj", "{5903DDA7-1B18-407D-A3EE-4B9F2AFB6D34}"
EndProject
Project("{8BC9CEB8-8B4A-11D0-8D11-00A0C91BC942}") = "MytinySTL", "MytinySTL\MytinySTL.vcxproj", "{2414F076-EF8E-4FD6-B10A-3CD77981773A}"
EndProject
Project("{8BC9CEB8-8B4A-11D0-8D11-00A0C91BC942}") = "机房预约系统", "机房预约系统\机房预约系统.vcxproj", "{5E90B1A0-CB1E-4822-A414-8906FA1FA936}"
EndProject
Project("{8BC9CEB8-8B4A-11D0-8D11-00A0C91BC942}") = "基于STL的演讲比赛流程管理系统", "基于STL的演讲比赛流程管理系统\基于STL的演讲比赛流程管理系统.vcxproj", "{DEF3B44B-EC9B-4073-A155-DF4586FF7D5F}"
EndProject
Project("{8BC9CEB8-8B4A-11D0-8D11-00A0C91BC942}") = "设计模式", "设计模式\设计模式.vcxproj", "{E605D172-94AB-43A4-8D70-470E1E11BC84}"
EndProject
Project("{8BC9CEB8-8B4A-11D0-8D11-00A0C91BC942}") = "剑指offer", "剑指offer\剑指offer.vcxproj", "{E6A800BC-B1DA-4B4B-90A7-10E04F2E704E}"
EndProject
Project("{8BC9CEB8-8B4A-11D0-8D11-00A0C91BC942}") = "栈和单调栈", "单调栈\单调栈.vcxproj", "{940BAD7E-206D-4F55-A72A-AAD9E84FBB1C}"
EndProject
Project("{8BC9CEB8-8B4A-11D0-8D11-00A0C91BC942}") = "单调队列", "单调队列\单调队列.vcxproj", "{A4D97D43-B989-425F-99F7-B43B4C26F659}"
EndProject
Project("{8BC9CEB8-8B4A-11D0-8D11-00A0C91BC942}") = "滑动窗口", "滑动窗口\滑动窗口.vcxproj", "{C61FD45C-B9C5-418F-B549-65F2F858AF92}"
EndProject
Project("{8BC9CEB8-8B4A-11D0-8D11-00A0C91BC942}") = "排列组合子集", "排列组合\排列组合.vcxproj", "{AE860856-B401-4CA4-AAE4-D3527D543972}"
EndProject
Project("{8BC9CEB8-8B4A-11D0-8D11-00A0C91BC942}") = "动态规划", "动态规划\动态规划.vcxproj", "{9B7650B0-C86D-4EFC-926C-9BC1BDE609BB}"
EndProject
Project("{8BC9CEB8-8B4A-11D0-8D11-00A0C91BC942}") = "二叉树", "二叉树链表\二叉树链表.vcxproj", "{0F1D3998-5E84-445E-9773-404DA8A1E77B}"
EndProject
Project("{8BC9CEB8-8B4A-11D0-8D11-00A0C91BC942}") = "DFSBFS回溯算法", "DFSBFS\DFSBFS.vcxproj", "{8C6FD036-A355-48B2-AA93-8C0B5AF0906A}"
EndProject
Project("{8BC9CEB8-8B4A-11D0-8D11-00A0C91BC942}") = "并查集", "Union_Find\Union_Find.vcxproj", "{9B2BEBDD-3522-42B8-BD87-0AD0FA8950C7}"
EndProject
Project("{8BC9CEB8-8B4A-11D0-8D11-00A0C91BC942}") = "前缀和前缀积差分", "前缀和前缀积差分\前缀和前缀积差分.vcxproj", "{9BF1CCA2-A4F6-4BC8-B2F4-DBF6CBD065BE}"
EndProject
Project("{8BC9CEB8-8B4A-11D0-8D11-00A0C91BC942}") = "设计数据结构", "设计数据结构\设计数据结构.vcxproj", "{7D9CCEFE-10A6-48FF-A7A8-7D9D1E8B0700}"
EndProject
Project("{8BC9CEB8-8B4A-11D0-8D11-00A0C91BC942}") = "链表", "链表\链表.vcxproj", "{FDDFBA60-AE7E-43C6-AA8E-56F338F2E98B}"
EndProject
Project("{8BC9CEB8-8B4A-11D0-8D11-00A0C91BC942}") = "图", "图\图.vcxproj", "{576F948A-185A-4BDF-B82E-B123665F89E0}"
EndProject
Project("{8BC9CEB8-8B4A-11D0-8D11-00A0C91BC942}") = "位运算", "位运算\位运算.vcxproj", "{FC4B4879-7D1A-4690-90E4-803399FE22B1}"
EndProject
Project("{8BC9CEB8-8B4A-11D0-8D11-00A0C91BC942}") = "双指针中心扩展", "双指针\双指针.vcxproj", "{7662C1A4-E1E4-42FB-A42B-5CAD26916204}"
EndProject
Project("{8BC9CEB8-8B4A-11D0-8D11-00A0C91BC942}") = "前缀树", "前缀树\前缀树.vcxproj", "{264AEC88-4354-4D40-B68D-EF2BB0CCD349}"
EndProject
Project("{8BC9CEB8-8B4A-11D0-8D11-00A0C91BC942}") = "背包问题", "背包问题\背包问题.vcxproj", "{B8839BD6-F8A0-41A8-B810-4FF7A7254EE5}"
EndProject
Project("{8BC9CEB8-8B4A-11D0-8D11-00A0C91BC942}") = "哈希表", "哈希表\哈希表.vcxproj", "{D522EE97-CD83-4034-A7CF-6FD402F09DD5}"
EndProject
Project("{8BC9CEB8-8B4A-11D0-8D11-00A0C91BC942}") = "C++核心编程", "C++核心编程\C++核心编程.vcxproj", "{4053A2A1-6B9B-45BB-B256-F20ECE4BBCA2}"
EndProject
Project("{8BC9CEB8-8B4A-11D0-8D11-00A0C91BC942}") = "区间问题", "区间问题\区间问题.vcxproj", "{44917EF0-49C8-4164-841E-71BEA9B4A4C1}"
EndProject
Project("{8BC9CEB8-8B4A-11D0-8D11-00A0C91BC942}") = "数学-洗牌算法素数筛快速幂等", "洗牌算法\洗牌算法.vcxproj", "{6B655D52-77A8-4DCA-A761-47503D9CD3BD}"
EndProject
Project("{8BC9CEB8-8B4A-11D0-8D11-00A0C91BC942}") = "模拟暴力就地打表线性扫描", "模拟\模拟.vcxproj", "{94DB8635-9B78-420F-AB58-72CB6FF00369}"
EndProject
Project("{8BC9CEB8-8B4A-11D0-8D11-00A0C91BC942}") = "排序算法", "排序算法\排序算法.vcxproj", "{F8A15DFE-2D0F-4738-B164-00F2E4A8CED5}"
EndProject
Project("{8BC9CEB8-8B4A-11D0-8D11-00A0C91BC942}") = "一行代码", "一行代码\一行代码.vcxproj", "{F2245FB5-1EA1-43B6-B69B-C809801A21FB}"
EndProject
Project("{8BC9CEB8-8B4A-11D0-8D11-00A0C91BC942}") = "简单题", "简单题\简单题.vcxproj", "{86E98A1E-1440-47FD-9C49-33D7BF2EC504}"
EndProject
Project("{8BC9CEB8-8B4A-11D0-8D11-00A0C91BC942}") = "搜索查找二分折半枚举", "搜索查找二分\搜索查找二分.vcxproj", "{D6D210F1-591E-494A-B99C-B861B85E9EE0}"
EndProject
Project("{8BC9CEB8-8B4A-11D0-8D11-00A0C91BC942}") = "周赛竞赛", "周赛\周赛.vcxproj", "{5940C7A5-1B86-4237-AAFF-19EFBACB56BB}"
EndProject
Project("{8BC9CEB8-8B4A-11D0-8D11-00A0C91BC942}") = "CPPCODE", "CPPCODE\CPPCODE.vcxproj", "{68245827-A9D1-4D77-B45D-9FE9C453C580}"
EndProject
Project("{8BC9CEB8-8B4A-11D0-8D11-00A0C91BC942}") = "牛客公司真题", "牛客公司真题\牛客公司真题.vcxproj", "{BB971774-7B0A-4AB0-B254-B4D960B9695F}"
EndProject
Project("{8BC9CEB8-8B4A-11D0-8D11-00A0C91BC942}") = "贪心", "贪心\贪心.vcxproj", "{0BBBD237-6871-4E1F-B0D7-21A8B659B0B8}"
EndProject
Project("{8BC9CEB8-8B4A-11D0-8D11-00A0C91BC942}") = "堆", "堆\堆.vcxproj", "{03DF2F34-45A5-4D18-B10F-5A350BC85248}"
EndProject
Project("{8BC9CEB8-8B4A-11D0-8D11-00A0C91BC942}") = "状态压缩", "状态压缩\状态压缩.vcxproj", "{3F58AF95-6D59-498D-A91E-7A968CC6EA1E}"
EndProject
Project("{8BC9CEB8-8B4A-11D0-8D11-00A0C91BC942}") = "更熟悉的调库使用接口、类型转换、高频问题", "更熟悉的调库\更熟悉的调库.vcxproj", "{EBE43B40-DC8C-4D04-8019-F87A9A1A13CC}"
EndProject
Project("{8BC9CEB8-8B4A-11D0-8D11-00A0C91BC942}") = "模拟退火算法", "模拟退火算法\模拟退火算法.vcxproj", "{368B6DE6-660D-4EE8-A0CC-8ADF835A6DC0}"
EndProject
Project("{8BC9CEB8-8B4A-11D0-8D11-00A0C91BC942}") = "线段树", "线段树\线段树.vcxproj", "{F3722715-6425-40F5-AE16-1819F8B1C288}"
EndProject
Global
	GlobalSection(SolutionConfigurationPlatforms) = preSolution
		Debug|x64 = Debug|x64
		Debug|x86 = Debug|x86
		Release|x64 = Release|x64
		Release|x86 = Release|x86
	EndGlobalSection
	GlobalSection(ProjectConfigurationPlatforms) = postSolution
		{D9FAC883-9F4E-4DA2-95B5-92872952E2A7}.Debug|x64.ActiveCfg = Debug|x64
		{D9FAC883-9F4E-4DA2-95B5-92872952E2A7}.Debug|x64.Build.0 = Debug|x64
		{D9FAC883-9F4E-4DA2-95B5-92872952E2A7}.Debug|x86.ActiveCfg = Debug|Win32
		{D9FAC883-9F4E-4DA2-95B5-92872952E2A7}.Debug|x86.Build.0 = Debug|Win32
		{D9FAC883-9F4E-4DA2-95B5-92872952E2A7}.Release|x64.ActiveCfg = Release|x64
		{D9FAC883-9F4E-4DA2-95B5-92872952E2A7}.Release|x64.Build.0 = Release|x64
		{D9FAC883-9F4E-4DA2-95B5-92872952E2A7}.Release|x86.ActiveCfg = Release|Win32
		{D9FAC883-9F4E-4DA2-95B5-92872952E2A7}.Release|x86.Build.0 = Release|Win32
		{5903DDA7-1B18-407D-A3EE-4B9F2AFB6D34}.Debug|x64.ActiveCfg = Debug|x64
		{5903DDA7-1B18-407D-A3EE-4B9F2AFB6D34}.Debug|x64.Build.0 = Debug|x64
		{5903DDA7-1B18-407D-A3EE-4B9F2AFB6D34}.Debug|x86.ActiveCfg = Debug|Win32
		{5903DDA7-1B18-407D-A3EE-4B9F2AFB6D34}.Debug|x86.Build.0 = Debug|Win32
		{5903DDA7-1B18-407D-A3EE-4B9F2AFB6D34}.Release|x64.ActiveCfg = Release|x64
		{5903DDA7-1B18-407D-A3EE-4B9F2AFB6D34}.Release|x64.Build.0 = Release|x64
		{5903DDA7-1B18-407D-A3EE-4B9F2AFB6D34}.Release|x86.ActiveCfg = Release|Win32
		{5903DDA7-1B18-407D-A3EE-4B9F2AFB6D34}.Release|x86.Build.0 = Release|Win32
		{2414F076-EF8E-4FD6-B10A-3CD77981773A}.Debug|x64.ActiveCfg = Debug|x64
		{2414F076-EF8E-4FD6-B10A-3CD77981773A}.Debug|x64.Build.0 = Debug|x64
		{2414F076-EF8E-4FD6-B10A-3CD77981773A}.Debug|x86.ActiveCfg = Debug|Win32
		{2414F076-EF8E-4FD6-B10A-3CD77981773A}.Debug|x86.Build.0 = Debug|Win32
		{2414F076-EF8E-4FD6-B10A-3CD77981773A}.Release|x64.ActiveCfg = Release|x64
		{2414F076-EF8E-4FD6-B10A-3CD77981773A}.Release|x64.Build.0 = Release|x64
		{2414F076-EF8E-4FD6-B10A-3CD77981773A}.Release|x86.ActiveCfg = Release|Win32
		{2414F076-EF8E-4FD6-B10A-3CD77981773A}.Release|x86.Build.0 = Release|Win32
		{5E90B1A0-CB1E-4822-A414-8906FA1FA936}.Debug|x64.ActiveCfg = Debug|x64
		{5E90B1A0-CB1E-4822-A414-8906FA1FA936}.Debug|x64.Build.0 = Debug|x64
		{5E90B1A0-CB1E-4822-A414-8906FA1FA936}.Debug|x86.ActiveCfg = Debug|Win32
		{5E90B1A0-CB1E-4822-A414-8906FA1FA936}.Debug|x86.Build.0 = Debug|Win32
		{5E90B1A0-CB1E-4822-A414-8906FA1FA936}.Release|x64.ActiveCfg = Release|x64
		{5E90B1A0-CB1E-4822-A414-8906FA1FA936}.Release|x64.Build.0 = Release|x64
		{5E90B1A0-CB1E-4822-A414-8906FA1FA936}.Release|x86.ActiveCfg = Release|Win32
		{5E90B1A0-CB1E-4822-A414-8906FA1FA936}.Release|x86.Build.0 = Release|Win32
		{DEF3B44B-EC9B-4073-A155-DF4586FF7D5F}.Debug|x64.ActiveCfg = Debug|x64
		{DEF3B44B-EC9B-4073-A155-DF4586FF7D5F}.Debug|x64.Build.0 = Debug|x64
		{DEF3B44B-EC9B-4073-A155-DF4586FF7D5F}.Debug|x86.ActiveCfg = Debug|Win32
		{DEF3B44B-EC9B-4073-A155-DF4586FF7D5F}.Debug|x86.Build.0 = Debug|Win32
		{DEF3B44B-EC9B-4073-A155-DF4586FF7D5F}.Release|x64.ActiveCfg = Release|x64
		{DEF3B44B-EC9B-4073-A155-DF4586FF7D5F}.Release|x64.Build.0 = Release|x64
		{DEF3B44B-EC9B-4073-A155-DF4586FF7D5F}.Release|x86.ActiveCfg = Release|Win32
		{DEF3B44B-EC9B-4073-A155-DF4586FF7D5F}.Release|x86.Build.0 = Release|Win32
		{E605D172-94AB-43A4-8D70-470E1E11BC84}.Debug|x64.ActiveCfg = Debug|x64
		{E605D172-94AB-43A4-8D70-470E1E11BC84}.Debug|x64.Build.0 = Debug|x64
		{E605D172-94AB-43A4-8D70-470E1E11BC84}.Debug|x86.ActiveCfg = Debug|Win32
		{E605D172-94AB-43A4-8D70-470E1E11BC84}.Debug|x86.Build.0 = Debug|Win32
		{E605D172-94AB-43A4-8D70-470E1E11BC84}.Release|x64.ActiveCfg = Release|x64
		{E605D172-94AB-43A4-8D70-470E1E11BC84}.Release|x64.Build.0 = Release|x64
		{E605D172-94AB-43A4-8D70-470E1E11BC84}.Release|x86.ActiveCfg = Release|Win32
		{E605D172-94AB-43A4-8D70-470E1E11BC84}.Release|x86.Build.0 = Release|Win32
		{E6A800BC-B1DA-4B4B-90A7-10E04F2E704E}.Debug|x64.ActiveCfg = Debug|x64
		{E6A800BC-B1DA-4B4B-90A7-10E04F2E704E}.Debug|x64.Build.0 = Debug|x64
		{E6A800BC-B1DA-4B4B-90A7-10E04F2E704E}.Debug|x86.ActiveCfg = Debug|Win32
		{E6A800BC-B1DA-4B4B-90A7-10E04F2E704E}.Debug|x86.Build.0 = Debug|Win32
		{E6A800BC-B1DA-4B4B-90A7-10E04F2E704E}.Release|x64.ActiveCfg = Release|x64
		{E6A800BC-B1DA-4B4B-90A7-10E04F2E704E}.Release|x64.Build.0 = Release|x64
		{E6A800BC-B1DA-4B4B-90A7-10E04F2E704E}.Release|x86.ActiveCfg = Release|Win32
		{E6A800BC-B1DA-4B4B-90A7-10E04F2E704E}.Release|x86.Build.0 = Release|Win32
		{940BAD7E-206D-4F55-A72A-AAD9E84FBB1C}.Debug|x64.ActiveCfg = Debug|x64
		{940BAD7E-206D-4F55-A72A-AAD9E84FBB1C}.Debug|x64.Build.0 = Debug|x64
		{940BAD7E-206D-4F55-A72A-AAD9E84FBB1C}.Debug|x86.ActiveCfg = Debug|Win32
		{940BAD7E-206D-4F55-A72A-AAD9E84FBB1C}.Debug|x86.Build.0 = Debug|Win32
		{940BAD7E-206D-4F55-A72A-AAD9E84FBB1C}.Release|x64.ActiveCfg = Release|x64
		{940BAD7E-206D-4F55-A72A-AAD9E84FBB1C}.Release|x64.Build.0 = Release|x64
		{940BAD7E-206D-4F55-A72A-AAD9E84FBB1C}.Release|x86.ActiveCfg = Release|Win32
		{940BAD7E-206D-4F55-A72A-AAD9E84FBB1C}.Release|x86.Build.0 = Release|Win32
		{A4D97D43-B989-425F-99F7-B43B4C26F659}.Debug|x64.ActiveCfg = Debug|x64
		{A4D97D43-B989-425F-99F7-B43B4C26F659}.Debug|x64.Build.0 = Debug|x64
		{A4D97D43-B989-425F-99F7-B43B4C26F659}.Debug|x86.ActiveCfg = Debug|Win32
		{A4D97D43-B989-425F-99F7-B43B4C26F659}.Debug|x86.Build.0 = Debug|Win32
		{A4D97D43-B989-425F-99F7-B43B4C26F659}.Release|x64.ActiveCfg = Release|x64
		{A4D97D43-B989-425F-99F7-B43B4C26F659}.Release|x64.Build.0 = Release|x64
		{A4D97D43-B989-425F-99F7-B43B4C26F659}.Release|x86.ActiveCfg = Release|Win32
		{A4D97D43-B989-425F-99F7-B43B4C26F659}.Release|x86.Build.0 = Release|Win32
		{C61FD45C-B9C5-418F-B549-65F2F858AF92}.Debug|x64.ActiveCfg = Debug|x64
		{C61FD45C-B9C5-418F-B549-65F2F858AF92}.Debug|x64.Build.0 = Debug|x64
		{C61FD45C-B9C5-418F-B549-65F2F858AF92}.Debug|x86.ActiveCfg = Debug|Win32
		{C61FD45C-B9C5-418F-B549-65F2F858AF92}.Debug|x86.Build.0 = Debug|Win32
		{C61FD45C-B9C5-418F-B549-65F2F858AF92}.Release|x64.ActiveCfg = Release|x64
		{C61FD45C-B9C5-418F-B549-65F2F858AF92}.Release|x64.Build.0 = Release|x64
		{C61FD45C-B9C5-418F-B549-65F2F858AF92}.Release|x86.ActiveCfg = Release|Win32
		{C61FD45C-B9C5-418F-B549-65F2F858AF92}.Release|x86.Build.0 = Release|Win32
		{AE860856-B401-4CA4-AAE4-D3527D543972}.Debug|x64.ActiveCfg = Debug|x64
		{AE860856-B401-4CA4-AAE4-D3527D543972}.Debug|x64.Build.0 = Debug|x64
		{AE860856-B401-4CA4-AAE4-D3527D543972}.Debug|x86.ActiveCfg = Debug|Win32
		{AE860856-B401-4CA4-AAE4-D3527D543972}.Debug|x86.Build.0 = Debug|Win32
		{AE860856-B401-4CA4-AAE4-D3527D543972}.Release|x64.ActiveCfg = Release|x64
		{AE860856-B401-4CA4-AAE4-D3527D543972}.Release|x64.Build.0 = Release|x64
		{AE860856-B401-4CA4-AAE4-D3527D543972}.Release|x86.ActiveCfg = Release|Win32
		{AE860856-B401-4CA4-AAE4-D3527D543972}.Release|x86.Build.0 = Release|Win32
		{9B7650B0-C86D-4EFC-926C-9BC1BDE609BB}.Debug|x64.ActiveCfg = Debug|x64
		{9B7650B0-C86D-4EFC-926C-9BC1BDE609BB}.Debug|x64.Build.0 = Debug|x64
		{9B7650B0-C86D-4EFC-926C-9BC1BDE609BB}.Debug|x86.ActiveCfg = Debug|Win32
		{9B7650B0-C86D-4EFC-926C-9BC1BDE609BB}.Debug|x86.Build.0 = Debug|Win32
		{9B7650B0-C86D-4EFC-926C-9BC1BDE609BB}.Release|x64.ActiveCfg = Release|x64
		{9B7650B0-C86D-4EFC-926C-9BC1BDE609BB}.Release|x64.Build.0 = Release|x64
		{9B7650B0-C86D-4EFC-926C-9BC1BDE609BB}.Release|x86.ActiveCfg = Release|Win32
		{9B7650B0-C86D-4EFC-926C-9BC1BDE609BB}.Release|x86.Build.0 = Release|Win32
		{0F1D3998-5E84-445E-9773-404DA8A1E77B}.Debug|x64.ActiveCfg = Debug|x64
		{0F1D3998-5E84-445E-9773-404DA8A1E77B}.Debug|x64.Build.0 = Debug|x64
		{0F1D3998-5E84-445E-9773-404DA8A1E77B}.Debug|x86.ActiveCfg = Debug|Win32
		{0F1D3998-5E84-445E-9773-404DA8A1E77B}.Debug|x86.Build.0 = Debug|Win32
		{0F1D3998-5E84-445E-9773-404DA8A1E77B}.Release|x64.ActiveCfg = Release|x64
		{0F1D3998-5E84-445E-9773-404DA8A1E77B}.Release|x64.Build.0 = Release|x64
		{0F1D3998-5E84-445E-9773-404DA8A1E77B}.Release|x86.ActiveCfg = Release|Win32
		{0F1D3998-5E84-445E-9773-404DA8A1E77B}.Release|x86.Build.0 = Release|Win32
		{8C6FD036-A355-48B2-AA93-8C0B5AF0906A}.Debug|x64.ActiveCfg = Debug|x64
		{8C6FD036-A355-48B2-AA93-8C0B5AF0906A}.Debug|x64.Build.0 = Debug|x64
		{8C6FD036-A355-48B2-AA93-8C0B5AF0906A}.Debug|x86.ActiveCfg = Debug|Win32
		{8C6FD036-A355-48B2-AA93-8C0B5AF0906A}.Debug|x86.Build.0 = Debug|Win32
		{8C6FD036-A355-48B2-AA93-8C0B5AF0906A}.Release|x64.ActiveCfg = Release|x64
		{8C6FD036-A355-48B2-AA93-8C0B5AF0906A}.Release|x64.Build.0 = Release|x64
		{8C6FD036-A355-48B2-AA93-8C0B5AF0906A}.Release|x86.ActiveCfg = Release|Win32
		{8C6FD036-A355-48B2-AA93-8C0B5AF0906A}.Release|x86.Build.0 = Release|Win32
		{9B2BEBDD-3522-42B8-BD87-0AD0FA8950C7}.Debug|x64.ActiveCfg = Debug|x64
		{9B2BEBDD-3522-42B8-BD87-0AD0FA8950C7}.Debug|x64.Build.0 = Debug|x64
		{9B2BEBDD-3522-42B8-BD87-0AD0FA8950C7}.Debug|x86.ActiveCfg = Debug|Win32
		{9B2BEBDD-3522-42B8-BD87-0AD0FA8950C7}.Debug|x86.Build.0 = Debug|Win32
		{9B2BEBDD-3522-42B8-BD87-0AD0FA8950C7}.Release|x64.ActiveCfg = Release|x64
		{9B2BEBDD-3522-42B8-BD87-0AD0FA8950C7}.Release|x64.Build.0 = Release|x64
		{9B2BEBDD-3522-42B8-BD87-0AD0FA8950C7}.Release|x86.ActiveCfg = Release|Win32
		{9B2BEBDD-3522-42B8-BD87-0AD0FA8950C7}.Release|x86.Build.0 = Release|Win32
		{9BF1CCA2-A4F6-4BC8-B2F4-DBF6CBD065BE}.Debug|x64.ActiveCfg = Debug|x64
		{9BF1CCA2-A4F6-4BC8-B2F4-DBF6CBD065BE}.Debug|x64.Build.0 = Debug|x64
		{9BF1CCA2-A4F6-4BC8-B2F4-DBF6CBD065BE}.Debug|x86.ActiveCfg = Debug|Win32
		{9BF1CCA2-A4F6-4BC8-B2F4-DBF6CBD065BE}.Debug|x86.Build.0 = Debug|Win32
		{9BF1CCA2-A4F6-4BC8-B2F4-DBF6CBD065BE}.Release|x64.ActiveCfg = Release|x64
		{9BF1CCA2-A4F6-4BC8-B2F4-DBF6CBD065BE}.Release|x64.Build.0 = Release|x64
		{9BF1CCA2-A4F6-4BC8-B2F4-DBF6CBD065BE}.Release|x86.ActiveCfg = Release|Win32
		{9BF1CCA2-A4F6-4BC8-B2F4-DBF6CBD065BE}.Release|x86.Build.0 = Release|Win32
		{7D9CCEFE-10A6-48FF-A7A8-7D9D1E8B0700}.Debug|x64.ActiveCfg = Debug|x64
		{7D9CCEFE-10A6-48FF-A7A8-7D9D1E8B0700}.Debug|x64.Build.0 = Debug|x64
		{7D9CCEFE-10A6-48FF-A7A8-7D9D1E8B0700}.Debug|x86.ActiveCfg = Debug|Win32
		{7D9CCEFE-10A6-48FF-A7A8-7D9D1E8B0700}.Debug|x86.Build.0 = Debug|Win32
		{7D9CCEFE-10A6-48FF-A7A8-7D9D1E8B0700}.Release|x64.ActiveCfg = Release|x64
		{7D9CCEFE-10A6-48FF-A7A8-7D9D1E8B0700}.Release|x64.Build.0 = Release|x64
		{7D9CCEFE-10A6-48FF-A7A8-7D9D1E8B0700}.Release|x86.ActiveCfg = Release|Win32
		{7D9CCEFE-10A6-48FF-A7A8-7D9D1E8B0700}.Release|x86.Build.0 = Release|Win32
		{FDDFBA60-AE7E-43C6-AA8E-56F338F2E98B}.Debug|x64.ActiveCfg = Debug|x64
		{FDDFBA60-AE7E-43C6-AA8E-56F338F2E98B}.Debug|x64.Build.0 = Debug|x64
		{FDDFBA60-AE7E-43C6-AA8E-56F338F2E98B}.Debug|x86.ActiveCfg = Debug|Win32
		{FDDFBA60-AE7E-43C6-AA8E-56F338F2E98B}.Debug|x86.Build.0 = Debug|Win32
		{FDDFBA60-AE7E-43C6-AA8E-56F338F2E98B}.Release|x64.ActiveCfg = Release|x64
		{FDDFBA60-AE7E-43C6-AA8E-56F338F2E98B}.Release|x64.Build.0 = Release|x64
		{FDDFBA60-AE7E-43C6-AA8E-56F338F2E98B}.Release|x86.ActiveCfg = Release|Win32
		{FDDFBA60-AE7E-43C6-AA8E-56F338F2E98B}.Release|x86.Build.0 = Release|Win32
		{576F948A-185A-4BDF-B82E-B123665F89E0}.Debug|x64.ActiveCfg = Debug|x64
		{576F948A-185A-4BDF-B82E-B123665F89E0}.Debug|x64.Build.0 = Debug|x64
		{576F948A-185A-4BDF-B82E-B123665F89E0}.Debug|x86.ActiveCfg = Debug|Win32
		{576F948A-185A-4BDF-B82E-B123665F89E0}.Debug|x86.Build.0 = Debug|Win32
		{576F948A-185A-4BDF-B82E-B123665F89E0}.Release|x64.ActiveCfg = Release|x64
		{576F948A-185A-4BDF-B82E-B123665F89E0}.Release|x64.Build.0 = Release|x64
		{576F948A-185A-4BDF-B82E-B123665F89E0}.Release|x86.ActiveCfg = Release|Win32
		{576F948A-185A-4BDF-B82E-B123665F89E0}.Release|x86.Build.0 = Release|Win32
		{FC4B4879-7D1A-4690-90E4-803399FE22B1}.Debug|x64.ActiveCfg = Debug|x64
		{FC4B4879-7D1A-4690-90E4-803399FE22B1}.Debug|x64.Build.0 = Debug|x64
		{FC4B4879-7D1A-4690-90E4-803399FE22B1}.Debug|x86.ActiveCfg = Debug|Win32
		{FC4B4879-7D1A-4690-90E4-803399FE22B1}.Debug|x86.Build.0 = Debug|Win32
		{FC4B4879-7D1A-4690-90E4-803399FE22B1}.Release|x64.ActiveCfg = Release|x64
		{FC4B4879-7D1A-4690-90E4-803399FE22B1}.Release|x64.Build.0 = Release|x64
		{FC4B4879-7D1A-4690-90E4-803399FE22B1}.Release|x86.ActiveCfg = Release|Win32
		{FC4B4879-7D1A-4690-90E4-803399FE22B1}.Release|x86.Build.0 = Release|Win32
		{7662C1A4-E1E4-42FB-A42B-5CAD26916204}.Debug|x64.ActiveCfg = Debug|x64
		{7662C1A4-E1E4-42FB-A42B-5CAD26916204}.Debug|x64.Build.0 = Debug|x64
		{7662C1A4-E1E4-42FB-A42B-5CAD26916204}.Debug|x86.ActiveCfg = Debug|Win32
		{7662C1A4-E1E4-42FB-A42B-5CAD26916204}.Debug|x86.Build.0 = Debug|Win32
		{7662C1A4-E1E4-42FB-A42B-5CAD26916204}.Release|x64.ActiveCfg = Release|x64
		{7662C1A4-E1E4-42FB-A42B-5CAD26916204}.Release|x64.Build.0 = Release|x64
		{7662C1A4-E1E4-42FB-A42B-5CAD26916204}.Release|x86.ActiveCfg = Release|Win32
		{7662C1A4-E1E4-42FB-A42B-5CAD26916204}.Release|x86.Build.0 = Release|Win32
		{264AEC88-4354-4D40-B68D-EF2BB0CCD349}.Debug|x64.ActiveCfg = Debug|x64
		{264AEC88-4354-4D40-B68D-EF2BB0CCD349}.Debug|x64.Build.0 = Debug|x64
		{264AEC88-4354-4D40-B68D-EF2BB0CCD349}.Debug|x86.ActiveCfg = Debug|Win32
		{264AEC88-4354-4D40-B68D-EF2BB0CCD349}.Debug|x86.Build.0 = Debug|Win32
		{264AEC88-4354-4D40-B68D-EF2BB0CCD349}.Release|x64.ActiveCfg = Release|x64
		{264AEC88-4354-4D40-B68D-EF2BB0CCD349}.Release|x64.Build.0 = Release|x64
		{264AEC88-4354-4D40-B68D-EF2BB0CCD349}.Release|x86.ActiveCfg = Release|Win32
		{264AEC88-4354-4D40-B68D-EF2BB0CCD349}.Release|x86.Build.0 = Release|Win32
		{B8839BD6-F8A0-41A8-B810-4FF7A7254EE5}.Debug|x64.ActiveCfg = Debug|x64
		{B8839BD6-F8A0-41A8-B810-4FF7A7254EE5}.Debug|x64.Build.0 = Debug|x64
		{B8839BD6-F8A0-41A8-B810-4FF7A7254EE5}.Debug|x86.ActiveCfg = Debug|Win32
		{B8839BD6-F8A0-41A8-B810-4FF7A7254EE5}.Debug|x86.Build.0 = Debug|Win32
		{B8839BD6-F8A0-41A8-B810-4FF7A7254EE5}.Release|x64.ActiveCfg = Release|x64
		{B8839BD6-F8A0-41A8-B810-4FF7A7254EE5}.Release|x64.Build.0 = Release|x64
		{B8839BD6-F8A0-41A8-B810-4FF7A7254EE5}.Release|x86.ActiveCfg = Release|Win32
		{B8839BD6-F8A0-41A8-B810-4FF7A7254EE5}.Release|x86.Build.0 = Release|Win32
		{D522EE97-CD83-4034-A7CF-6FD402F09DD5}.Debug|x64.ActiveCfg = Debug|x64
		{D522EE97-CD83-4034-A7CF-6FD402F09DD5}.Debug|x64.Build.0 = Debug|x64
		{D522EE97-CD83-4034-A7CF-6FD402F09DD5}.Debug|x86.ActiveCfg = Debug|Win32
		{D522EE97-CD83-4034-A7CF-6FD402F09DD5}.Debug|x86.Build.0 = Debug|Win32
		{D522EE97-CD83-4034-A7CF-6FD402F09DD5}.Release|x64.ActiveCfg = Release|x64
		{D522EE97-CD83-4034-A7CF-6FD402F09DD5}.Release|x64.Build.0 = Release|x64
		{D522EE97-CD83-4034-A7CF-6FD402F09DD5}.Release|x86.ActiveCfg = Release|Win32
		{D522EE97-CD83-4034-A7CF-6FD402F09DD5}.Release|x86.Build.0 = Release|Win32
		{4053A2A1-6B9B-45BB-B256-F20ECE4BBCA2}.Debug|x64.ActiveCfg = Debug|x64
		{4053A2A1-6B9B-45BB-B256-F20ECE4BBCA2}.Debug|x64.Build.0 = Debug|x64
		{4053A2A1-6B9B-45BB-B256-F20ECE4BBCA2}.Debug|x86.ActiveCfg = Debug|Win32
		{4053A2A1-6B9B-45BB-B256-F20ECE4BBCA2}.Debug|x86.Build.0 = Debug|Win32
		{4053A2A1-6B9B-45BB-B256-F20ECE4BBCA2}.Release|x64.ActiveCfg = Release|x64
		{4053A2A1-6B9B-45BB-B256-F20ECE4BBCA2}.Release|x64.Build.0 = Release|x64
		{4053A2A1-6B9B-45BB-B256-F20ECE4BBCA2}.Release|x86.ActiveCfg = Release|Win32
		{4053A2A1-6B9B-45BB-B256-F20ECE4BBCA2}.Release|x86.Build.0 = Release|Win32
		{44917EF0-49C8-4164-841E-71BEA9B4A4C1}.Debug|x64.ActiveCfg = Debug|x64
		{44917EF0-49C8-4164-841E-71BEA9B4A4C1}.Debug|x64.Build.0 = Debug|x64
		{44917EF0-49C8-4164-841E-71BEA9B4A4C1}.Debug|x86.ActiveCfg = Debug|Win32
		{44917EF0-49C8-4164-841E-71BEA9B4A4C1}.Debug|x86.Build.0 = Debug|Win32
		{44917EF0-49C8-4164-841E-71BEA9B4A4C1}.Release|x64.ActiveCfg = Release|x64
		{44917EF0-49C8-4164-841E-71BEA9B4A4C1}.Release|x64.Build.0 = Release|x64
		{44917EF0-49C8-4164-841E-71BEA9B4A4C1}.Release|x86.ActiveCfg = Release|Win32
		{44917EF0-49C8-4164-841E-71BEA9B4A4C1}.Release|x86.Build.0 = Release|Win32
		{6B655D52-77A8-4DCA-A761-47503D9CD3BD}.Debug|x64.ActiveCfg = Debug|x64
		{6B655D52-77A8-4DCA-A761-47503D9CD3BD}.Debug|x64.Build.0 = Debug|x64
		{6B655D52-77A8-4DCA-A761-47503D9CD3BD}.Debug|x86.ActiveCfg = Debug|Win32
		{6B655D52-77A8-4DCA-A761-47503D9CD3BD}.Debug|x86.Build.0 = Debug|Win32
		{6B655D52-77A8-4DCA-A761-47503D9CD3BD}.Release|x64.ActiveCfg = Release|x64
		{6B655D52-77A8-4DCA-A761-47503D9CD3BD}.Release|x64.Build.0 = Release|x64
		{6B655D52-77A8-4DCA-A761-47503D9CD3BD}.Release|x86.ActiveCfg = Release|Win32
		{6B655D52-77A8-4DCA-A761-47503D9CD3BD}.Release|x86.Build.0 = Release|Win32
		{94DB8635-9B78-420F-AB58-72CB6FF00369}.Debug|x64.ActiveCfg = Debug|x64
		{94DB8635-9B78-420F-AB58-72CB6FF00369}.Debug|x64.Build.0 = Debug|x64
		{94DB8635-9B78-420F-AB58-72CB6FF00369}.Debug|x86.ActiveCfg = Debug|Win32
		{94DB8635-9B78-420F-AB58-72CB6FF00369}.Debug|x86.Build.0 = Debug|Win32
		{94DB8635-9B78-420F-AB58-72CB6FF00369}.Release|x64.ActiveCfg = Release|x64
		{94DB8635-9B78-420F-AB58-72CB6FF00369}.Release|x64.Build.0 = Release|x64
		{94DB8635-9B78-420F-AB58-72CB6FF00369}.Release|x86.ActiveCfg = Release|Win32
		{94DB8635-9B78-420F-AB58-72CB6FF00369}.Release|x86.Build.0 = Release|Win32
		{F8A15DFE-2D0F-4738-B164-00F2E4A8CED5}.Debug|x64.ActiveCfg = Debug|x64
		{F8A15DFE-2D0F-4738-B164-00F2E4A8CED5}.Debug|x64.Build.0 = Debug|x64
		{F8A15DFE-2D0F-4738-B164-00F2E4A8CED5}.Debug|x86.ActiveCfg = Debug|Win32
		{F8A15DFE-2D0F-4738-B164-00F2E4A8CED5}.Debug|x86.Build.0 = Debug|Win32
		{F8A15DFE-2D0F-4738-B164-00F2E4A8CED5}.Release|x64.ActiveCfg = Release|x64
		{F8A15DFE-2D0F-4738-B164-00F2E4A8CED5}.Release|x64.Build.0 = Release|x64
		{F8A15DFE-2D0F-4738-B164-00F2E4A8CED5}.Release|x86.ActiveCfg = Release|Win32
		{F8A15DFE-2D0F-4738-B164-00F2E4A8CED5}.Release|x86.Build.0 = Release|Win32
		{F2245FB5-1EA1-43B6-B69B-C809801A21FB}.Debug|x64.ActiveCfg = Debug|x64
		{F2245FB5-1EA1-43B6-B69B-C809801A21FB}.Debug|x64.Build.0 = Debug|x64
		{F2245FB5-1EA1-43B6-B69B-C809801A21FB}.Debug|x86.ActiveCfg = Debug|Win32
		{F2245FB5-1EA1-43B6-B69B-C809801A21FB}.Debug|x86.Build.0 = Debug|Win32
		{F2245FB5-1EA1-43B6-B69B-C809801A21FB}.Release|x64.ActiveCfg = Release|x64
		{F2245FB5-1EA1-43B6-B69B-C809801A21FB}.Release|x64.Build.0 = Release|x64
		{F2245FB5-1EA1-43B6-B69B-C809801A21FB}.Release|x86.ActiveCfg = Release|Win32
		{F2245FB5-1EA1-43B6-B69B-C809801A21FB}.Release|x86.Build.0 = Release|Win32
		{86E98A1E-1440-47FD-9C49-33D7BF2EC504}.Debug|x64.ActiveCfg = Debug|x64
		{86E98A1E-1440-47FD-9C49-33D7BF2EC504}.Debug|x64.Build.0 = Debug|x64
		{86E98A1E-1440-47FD-9C49-33D7BF2EC504}.Debug|x86.ActiveCfg = Debug|Win32
		{86E98A1E-1440-47FD-9C49-33D7BF2EC504}.Debug|x86.Build.0 = Debug|Win32
		{86E98A1E-1440-47FD-9C49-33D7BF2EC504}.Release|x64.ActiveCfg = Release|x64
		{86E98A1E-1440-47FD-9C49-33D7BF2EC504}.Release|x64.Build.0 = Release|x64
		{86E98A1E-1440-47FD-9C49-33D7BF2EC504}.Release|x86.ActiveCfg = Release|Win32
		{86E98A1E-1440-47FD-9C49-33D7BF2EC504}.Release|x86.Build.0 = Release|Win32
		{D6D210F1-591E-494A-B99C-B861B85E9EE0}.Debug|x64.ActiveCfg = Debug|x64
		{D6D210F1-591E-494A-B99C-B861B85E9EE0}.Debug|x64.Build.0 = Debug|x64
		{D6D210F1-591E-494A-B99C-B861B85E9EE0}.Debug|x86.ActiveCfg = Debug|Win32
		{D6D210F1-591E-494A-B99C-B861B85E9EE0}.Debug|x86.Build.0 = Debug|Win32
		{D6D210F1-591E-494A-B99C-B861B85E9EE0}.Release|x64.ActiveCfg = Release|x64
		{D6D210F1-591E-494A-B99C-B861B85E9EE0}.Release|x64.Build.0 = Release|x64
		{D6D210F1-591E-494A-B99C-B861B85E9EE0}.Release|x86.ActiveCfg = Release|Win32
		{D6D210F1-591E-494A-B99C-B861B85E9EE0}.Release|x86.Build.0 = Release|Win32
		{5940C7A5-1B86-4237-AAFF-19EFBACB56BB}.Debug|x64.ActiveCfg = Debug|x64
		{5940C7A5-1B86-4237-AAFF-19EFBACB56BB}.Debug|x64.Build.0 = Debug|x64
		{5940C7A5-1B86-4237-AAFF-19EFBACB56BB}.Debug|x86.ActiveCfg = Debug|Win32
		{5940C7A5-1B86-4237-AAFF-19EFBACB56BB}.Debug|x86.Build.0 = Debug|Win32
		{5940C7A5-1B86-4237-AAFF-19EFBACB56BB}.Release|x64.ActiveCfg = Release|x64
		{5940C7A5-1B86-4237-AAFF-19EFBACB56BB}.Release|x64.Build.0 = Release|x64
		{5940C7A5-1B86-4237-AAFF-19EFBACB56BB}.Release|x86.ActiveCfg = Release|Win32
		{5940C7A5-1B86-4237-AAFF-19EFBACB56BB}.Release|x86.Build.0 = Release|Win32
		{68245827-A9D1-4D77-B45D-9FE9C453C580}.Debug|x64.ActiveCfg = Debug|x64
		{68245827-A9D1-4D77-B45D-9FE9C453C580}.Debug|x64.Build.0 = Debug|x64
		{68245827-A9D1-4D77-B45D-9FE9C453C580}.Debug|x86.ActiveCfg = Debug|Win32
		{68245827-A9D1-4D77-B45D-9FE9C453C580}.Debug|x86.Build.0 = Debug|Win32
		{68245827-A9D1-4D77-B45D-9FE9C453C580}.Release|x64.ActiveCfg = Release|x64
		{68245827-A9D1-4D77-B45D-9FE9C453C580}.Release|x64.Build.0 = Release|x64
		{68245827-A9D1-4D77-B45D-9FE9C453C580}.Release|x86.ActiveCfg = Release|Win32
		{68245827-A9D1-4D77-B45D-9FE9C453C580}.Release|x86.Build.0 = Release|Win32
		{BB971774-7B0A-4AB0-B254-B4D960B9695F}.Debug|x64.ActiveCfg = Debug|x64
		{BB971774-7B0A-4AB0-B254-B4D960B9695F}.Debug|x64.Build.0 = Debug|x64
		{BB971774-7B0A-4AB0-B254-B4D960B9695F}.Debug|x86.ActiveCfg = Debug|Win32
		{BB971774-7B0A-4AB0-B254-B4D960B9695F}.Debug|x86.Build.0 = Debug|Win32
		{BB971774-7B0A-4AB0-B254-B4D960B9695F}.Release|x64.ActiveCfg = Release|x64
		{BB971774-7B0A-4AB0-B254-B4D960B9695F}.Release|x64.Build.0 = Release|x64
		{BB971774-7B0A-4AB0-B254-B4D960B9695F}.Release|x86.ActiveCfg = Release|Win32
		{BB971774-7B0A-4AB0-B254-B4D960B9695F}.Release|x86.Build.0 = Release|Win32
		{0BBBD237-6871-4E1F-B0D7-21A8B659B0B8}.Debug|x64.ActiveCfg = Debug|x64
		{0BBBD237-6871-4E1F-B0D7-21A8B659B0B8}.Debug|x64.Build.0 = Debug|x64
		{0BBBD237-6871-4E1F-B0D7-21A8B659B0B8}.Debug|x86.ActiveCfg = Debug|Win32
		{0BBBD237-6871-4E1F-B0D7-21A8B659B0B8}.Debug|x86.Build.0 = Debug|Win32
		{0BBBD237-6871-4E1F-B0D7-21A8B659B0B8}.Release|x64.ActiveCfg = Release|x64
		{0BBBD237-6871-4E1F-B0D7-21A8B659B0B8}.Release|x64.Build.0 = Release|x64
		{0BBBD237-6871-4E1F-B0D7-21A8B659B0B8}.Release|x86.ActiveCfg = Release|Win32
		{0BBBD237-6871-4E1F-B0D7-21A8B659B0B8}.Release|x86.Build.0 = Release|Win32
		{03DF2F34-45A5-4D18-B10F-5A350BC85248}.Debug|x64.ActiveCfg = Debug|x64
		{03DF2F34-45A5-4D18-B10F-5A350BC85248}.Debug|x64.Build.0 = Debug|x64
		{03DF2F34-45A5-4D18-B10F-5A350BC85248}.Debug|x86.ActiveCfg = Debug|Win32
		{03DF2F34-45A5-4D18-B10F-5A350BC85248}.Debug|x86.Build.0 = Debug|Win32
		{03DF2F34-45A5-4D18-B10F-5A350BC85248}.Release|x64.ActiveCfg = Release|x64
		{03DF2F34-45A5-4D18-B10F-5A350BC85248}.Release|x64.Build.0 = Release|x64
		{03DF2F34-45A5-4D18-B10F-5A350BC85248}.Release|x86.ActiveCfg = Release|Win32
		{03DF2F34-45A5-4D18-B10F-5A350BC85248}.Release|x86.Build.0 = Release|Win32
		{3F58AF95-6D59-498D-A91E-7A968CC6EA1E}.Debug|x64.ActiveCfg = Debug|x64
		{3F58AF95-6D59-498D-A91E-7A968CC6EA1E}.Debug|x64.Build.0 = Debug|x64
		{3F58AF95-6D59-498D-A91E-7A968CC6EA1E}.Debug|x86.ActiveCfg = Debug|Win32
		{3F58AF95-6D59-498D-A91E-7A968CC6EA1E}.Debug|x86.Build.0 = Debug|Win32
		{3F58AF95-6D59-498D-A91E-7A968CC6EA1E}.Release|x64.ActiveCfg = Release|x64
		{3F58AF95-6D59-498D-A91E-7A968CC6EA1E}.Release|x64.Build.0 = Release|x64
		{3F58AF95-6D59-498D-A91E-7A968CC6EA1E}.Release|x86.ActiveCfg = Release|Win32
		{3F58AF95-6D59-498D-A91E-7A968CC6EA1E}.Release|x86.Build.0 = Release|Win32
		{EBE43B40-DC8C-4D04-8019-F87A9A1A13CC}.Debug|x64.ActiveCfg = Debug|x64
		{EBE43B40-DC8C-4D04-8019-F87A9A1A13CC}.Debug|x64.Build.0 = Debug|x64
		{EBE43B40-DC8C-4D04-8019-F87A9A1A13CC}.Debug|x86.ActiveCfg = Debug|Win32
		{EBE43B40-DC8C-4D04-8019-F87A9A1A13CC}.Debug|x86.Build.0 = Debug|Win32
		{EBE43B40-DC8C-4D04-8019-F87A9A1A13CC}.Release|x64.ActiveCfg = Release|x64
		{EBE43B40-DC8C-4D04-8019-F87A9A1A13CC}.Release|x64.Build.0 = Release|x64
		{EBE43B40-DC8C-4D04-8019-F87A9A1A13CC}.Release|x86.ActiveCfg = Release|Win32
		{EBE43B40-DC8C-4D04-8019-F87A9A1A13CC}.Release|x86.Build.0 = Release|Win32
		{368B6DE6-660D-4EE8-A0CC-8ADF835A6DC0}.Debug|x64.ActiveCfg = Debug|x64
		{368B6DE6-660D-4EE8-A0CC-8ADF835A6DC0}.Debug|x64.Build.0 = Debug|x64
		{368B6DE6-660D-4EE8-A0CC-8ADF835A6DC0}.Debug|x86.ActiveCfg = Debug|Win32
		{368B6DE6-660D-4EE8-A0CC-8ADF835A6DC0}.Debug|x86.Build.0 = Debug|Win32
		{368B6DE6-660D-4EE8-A0CC-8ADF835A6DC0}.Release|x64.ActiveCfg = Release|x64
		{368B6DE6-660D-4EE8-A0CC-8ADF835A6DC0}.Release|x64.Build.0 = Release|x64
		{368B6DE6-660D-4EE8-A0CC-8ADF835A6DC0}.Release|x86.ActiveCfg = Release|Win32
		{368B6DE6-660D-4EE8-A0CC-8ADF835A6DC0}.Release|x86.Build.0 = Release|Win32
		{F3722715-6425-40F5-AE16-1819F8B1C288}.Debug|x64.ActiveCfg = Debug|x64
		{F3722715-6425-40F5-AE16-1819F8B1C288}.Debug|x64.Build.0 = Debug|x64
		{F3722715-6425-40F5-AE16-1819F8B1C288}.Debug|x86.ActiveCfg = Debug|Win32
		{F3722715-6425-40F5-AE16-1819F8B1C288}.Debug|x86.Build.0 = Debug|Win32
		{F3722715-6425-40F5-AE16-1819F8B1C288}.Release|x64.ActiveCfg = Release|x64
		{F3722715-6425-40F5-AE16-1819F8B1C288}.Release|x64.Build.0 = Release|x64
		{F3722715-6425-40F5-AE16-1819F8B1C288}.Release|x86.ActiveCfg = Release|Win32
		{F3722715-6425-40F5-AE16-1819F8B1C288}.Release|x86.Build.0 = Release|Win32
	EndGlobalSection
	GlobalSection(SolutionProperties) = preSolution
		HideSolutionNode = FALSE
	EndGlobalSection
	GlobalSection(ExtensibilityGlobals) = postSolution
		SolutionGuid = {95C1774C-D8FA-4E41-9415-FFF060FD478F}
	EndGlobalSection
EndGlobal
