<?xml version="1.0" encoding="utf-8"?>
<Project ToolsVersion="4.0" xmlns="http://schemas.microsoft.com/developer/msbuild/2003">
  <ItemGroup>
    <Filter Include="源文件">
      <UniqueIdentifier>{4FC737F1-C7A5-4376-A066-2A32D752A2FF}</UniqueIdentifier>
      <Extensions>cpp;c;cc;cxx;def;odl;idl;hpj;bat;asm;asmx</Extensions>
    </Filter>
    <Filter Include="头文件">
      <UniqueIdentifier>{93995380-89BD-4b04-88EB-625FBE52EBFB}</UniqueIdentifier>
      <Extensions>h;hh;hpp;hxx;hm;inl;inc;ipp;xsd</Extensions>
    </Filter>
    <Filter Include="资源文件">
      <UniqueIdentifier>{67DA6AB6-F800-4c08-8B7A-83BB121AAD01}</UniqueIdentifier>
      <Extensions>rc;ico;cur;bmp;dlg;rc2;rct;bin;rgs;gif;jpg;jpeg;jpe;resx;tiff;tif;png;wav;mfcribbon-ms</Extensions>
    </Filter>
  </ItemGroup>
  <ItemGroup>
    <ClCompile Include="统计作战单位数.cpp">
      <Filter>源文件</Filter>
    </ClCompile>
    <ClCompile Include="动态规划框架.cpp">
      <Filter>源文件</Filter>
    </ClCompile>
    <ClCompile Include="斐波那契数.cpp">
      <Filter>源文件</Filter>
    </ClCompile>
    <ClCompile Include="零钱兑换.cpp">
      <Filter>源文件</Filter>
    </ClCompile>
    <ClCompile Include="最长回文子序列.cpp">
      <Filter>源文件</Filter>
    </ClCompile>
    <ClCompile Include="由子序列构造的最长回文串的长度.cpp">
      <Filter>源文件</Filter>
    </ClCompile>
    <ClCompile Include="买卖股票的最佳时机.cpp">
      <Filter>源文件</Filter>
    </ClCompile>
    <ClCompile Include="买卖股票的最佳时机 II.cpp">
      <Filter>源文件</Filter>
    </ClCompile>
    <ClCompile Include="买卖股票的最佳时机 III.cpp">
      <Filter>源文件</Filter>
    </ClCompile>
    <ClCompile Include="买卖股票的最佳时机 IV.cpp">
      <Filter>源文件</Filter>
    </ClCompile>
    <ClCompile Include="买卖股票的最佳时机含手续费.cpp">
      <Filter>源文件</Filter>
    </ClCompile>
    <ClCompile Include="最佳买卖股票时机含冷冻期.cpp">
      <Filter>源文件</Filter>
    </ClCompile>
    <ClCompile Include="最长递增子序列.cpp">
      <Filter>源文件</Filter>
    </ClCompile>
    <ClCompile Include="不同的子序列 II.cpp">
      <Filter>源文件</Filter>
    </ClCompile>
    <ClCompile Include="两个子序列的最大点积.cpp">
      <Filter>源文件</Filter>
    </ClCompile>
    <ClCompile Include="最长的斐波那契子序列的长度.cpp">
      <Filter>源文件</Filter>
    </ClCompile>
    <ClCompile Include="俄罗斯套娃信封问题.cpp">
      <Filter>源文件</Filter>
    </ClCompile>
    <ClCompile Include="堆叠长方体的最大高度.cpp">
      <Filter>源文件</Filter>
    </ClCompile>
    <ClCompile Include="最长等差数列.cpp">
      <Filter>源文件</Filter>
    </ClCompile>
    <ClCompile Include="编辑距离.cpp">
      <Filter>源文件</Filter>
    </ClCompile>
    <ClCompile Include="完全平方数.cpp">
      <Filter>源文件</Filter>
    </ClCompile>
    <ClCompile Include="零钱兑换 II.cpp">
      <Filter>源文件</Filter>
    </ClCompile>
    <ClCompile Include="一和零.cpp">
      <Filter>源文件</Filter>
    </ClCompile>
    <ClCompile Include="组合总和 Ⅳ.cpp">
      <Filter>源文件</Filter>
    </ClCompile>
    <ClCompile Include="最长公共子序列.cpp">
      <Filter>源文件</Filter>
    </ClCompile>
    <ClCompile Include="吃掉 N 个橘子的最少天数.cpp">
      <Filter>源文件</Filter>
    </ClCompile>
    <ClCompile Include="预测赢家.cpp">
      <Filter>源文件</Filter>
    </ClCompile>
    <ClCompile Include="石子游戏.cpp">
      <Filter>源文件</Filter>
    </ClCompile>
    <ClCompile Include="丑数.cpp">
      <Filter>源文件</Filter>
    </ClCompile>
    <ClCompile Include="丑数 II.cpp">
      <Filter>源文件</Filter>
    </ClCompile>
    <ClCompile Include="超级丑数.cpp">
      <Filter>源文件</Filter>
    </ClCompile>
    <ClCompile Include="丑数 III.cpp">
      <Filter>源文件</Filter>
    </ClCompile>
    <ClCompile Include="打家劫舍.cpp">
      <Filter>源文件</Filter>
    </ClCompile>
    <ClCompile Include="打家劫舍 II.cpp">
      <Filter>源文件</Filter>
    </ClCompile>
    <ClCompile Include="堆箱子.cpp">
      <Filter>源文件</Filter>
    </ClCompile>
    <ClCompile Include="马戏团人塔.cpp">
      <Filter>源文件</Filter>
    </ClCompile>
    <ClCompile Include="连续子数组的最大和.cpp">
      <Filter>源文件</Filter>
    </ClCompile>
    <ClCompile Include="最小路径和.cpp">
      <Filter>源文件</Filter>
    </ClCompile>
    <ClCompile Include="不同路径 II.cpp">
      <Filter>源文件</Filter>
    </ClCompile>
    <ClCompile Include="不同路径 III.cpp">
      <Filter>源文件</Filter>
    </ClCompile>
    <ClCompile Include="不同路径.cpp">
      <Filter>源文件</Filter>
    </ClCompile>
    <ClCompile Include="划分数字的方案数.cpp">
      <Filter>源文件</Filter>
    </ClCompile>
    <ClCompile Include="不含连续1的非负整数.cpp">
      <Filter>源文件</Filter>
    </ClCompile>
    <ClCompile Include="最少回文分割.cpp">
      <Filter>源文件</Filter>
    </ClCompile>
    <ClCompile Include="路径的数目.cpp">
      <Filter>源文件</Filter>
    </ClCompile>
    <ClCompile Include="子数组范围和.cpp">
      <Filter>源文件</Filter>
    </ClCompile>
    <ClCompile Include="解决智力问题.cpp">
      <Filter>源文件</Filter>
    </ClCompile>
    <ClCompile Include="恰有 K 根木棍可以看到的排列数目.cpp">
      <Filter>源文件</Filter>
    </ClCompile>
    <ClCompile Include="K个逆序对数组.cpp">
      <Filter>源文件</Filter>
    </ClCompile>
    <ClCompile Include="最长递增路径.cpp">
      <Filter>源文件</Filter>
    </ClCompile>
    <ClCompile Include="移除所有载有违禁货物车厢所需的最少时间.cpp">
      <Filter>源文件</Filter>
    </ClCompile>
    <ClCompile Include="用地毯覆盖后的最少白色砖块.cpp">
      <Filter>源文件</Filter>
    </ClCompile>
    <ClCompile Include="最大为 N 的数字组合.cpp">
      <Filter>源文件</Filter>
    </ClCompile>
    <ClCompile Include="分割回文串 II.cpp">
      <Filter>源文件</Filter>
    </ClCompile>
    <ClCompile Include="分割回文串 III.cpp">
      <Filter>源文件</Filter>
    </ClCompile>
    <ClCompile Include="回文串分割 IV.cpp">
      <Filter>源文件</Filter>
    </ClCompile>
    <ClCompile Include="给 N x 3 网格图涂色的方案数.cpp">
      <Filter>源文件</Filter>
    </ClCompile>
    <ClCompile Include="石子游戏 V.cpp">
      <Filter>源文件</Filter>
    </ClCompile>
    <ClCompile Include="得到山形数组的最少删除次数.cpp">
      <Filter>源文件</Filter>
    </ClCompile>
    <ClCompile Include="..\贪心\3n 块披萨.cpp">
      <Filter>源文件</Filter>
    </ClCompile>
    <ClCompile Include="相邻字符不同的最长路径.cpp">
      <Filter>源文件</Filter>
    </ClCompile>
    <ClCompile Include="统计元音字母序列的数目.cpp">
      <Filter>源文件</Filter>
    </ClCompile>
    <ClCompile Include="统计打字方案数.cpp">
      <Filter>源文件</Filter>
    </ClCompile>
    <ClCompile Include="不同的子序列.cpp">
      <Filter>源文件</Filter>
    </ClCompile>
  </ItemGroup>
</Project>