<?xml version="1.0" encoding="utf-8"?>
<Project ToolsVersion="4.0" xmlns="http://schemas.microsoft.com/developer/msbuild/2003">
  <ItemGroup>
    <Filter Include="源文件">
      <UniqueIdentifier>{4FC737F1-C7A5-4376-A066-2A32D752A2FF}</UniqueIdentifier>
      <Extensions>cpp;c;cc;cxx;def;odl;idl;hpj;bat;asm;asmx</Extensions>
    </Filter>
    <Filter Include="头文件">
      <UniqueIdentifier>{93995380-89BD-4b04-88EB-625FBE52EBFB}</UniqueIdentifier>
      <Extensions>h;hh;hpp;hxx;hm;inl;inc;ipp;xsd</Extensions>
    </Filter>
    <Filter Include="资源文件">
      <UniqueIdentifier>{67DA6AB6-F800-4c08-8B7A-83BB121AAD01}</UniqueIdentifier>
      <Extensions>rc;ico;cur;bmp;dlg;rc2;rct;bin;rgs;gif;jpg;jpeg;jpe;resx;tiff;tif;png;wav;mfcribbon-ms</Extensions>
    </Filter>
  </ItemGroup>
  <ItemGroup>
    <ClCompile Include="矩形面积 II.cpp">
      <Filter>源文件</Filter>
    </ClCompile>
    <ClCompile Include="统计数组中好三元组数目.cpp">
      <Filter>源文件</Filter>
    </ClCompile>
    <ClCompile Include="数组中的逆序对.cpp">
      <Filter>源文件</Filter>
    </ClCompile>
    <ClCompile Include="计算右侧小于当前元素的个数.cpp">
      <Filter>源文件</Filter>
    </ClCompile>
    <ClCompile Include="最长递增子序列的个数.cpp">
      <Filter>源文件</Filter>
    </ClCompile>
    <ClCompile Include="翻转对.cpp">
      <Filter>源文件</Filter>
    </ClCompile>
    <ClCompile Include="最多 K 次交换相邻数位后得到的最小整数.cpp">
      <Filter>源文件</Filter>
    </ClCompile>
    <ClCompile Include="区域和检索 - 数组可修改.cpp">
      <Filter>源文件</Filter>
    </ClCompile>
    <ClCompile Include="区间和的个数.cpp">
      <Filter>源文件</Filter>
    </ClCompile>
    <ClCompile Include="总结.cpp">
      <Filter>源文件</Filter>
    </ClCompile>
    <ClCompile Include="发 LeetCoin.cpp">
      <Filter>源文件</Filter>
    </ClCompile>
    <ClCompile Include="从仓库到码头运输箱子.cpp">
      <Filter>源文件</Filter>
    </ClCompile>
    <ClCompile Include="通过指令创建有序数组.cpp">
      <Filter>源文件</Filter>
    </ClCompile>
    <ClCompile Include="奇妙序列.cpp">
      <Filter>源文件</Filter>
    </ClCompile>
    <ClCompile Include="查询带键的排列.cpp">
      <Filter>源文件</Filter>
    </ClCompile>
    <ClCompile Include="找出到每个位置为止最长的有效障碍赛跑路线.cpp">
      <Filter>源文件</Filter>
    </ClCompile>
    <ClCompile Include="数字流的秩.cpp">
      <Filter>源文件</Filter>
    </ClCompile>
    <ClCompile Include="子数组中占绝大多数的元素.cpp">
      <Filter>源文件</Filter>
    </ClCompile>
    <ClCompile Include="由单个字符重复的最长子字符串.cpp">
      <Filter>源文件</Filter>
    </ClCompile>
    <ClCompile Include="统计作战单位数.cpp">
      <Filter>源文件</Filter>
    </ClCompile>
  </ItemGroup>
</Project>